
Microsoft Visual Studio Solution File, Format Version 12.00
# Visual Studio Version 17
VisualStudioVersion = 17.0.31903.59
MinimumVisualStudioVersion = 10.0.40219.1
Project("{FAE04EC0-301F-11D3-BF4B-00C04F79EFBC}") = "Wavecell.RuleEngine", "Wavecell.RuleEngine\Wavecell.RuleEngine.csproj", "{44C59644-930A-4C0A-A570-2674F4E47AF6}"
EndProject
Project("{FAE04EC0-301F-11D3-BF4B-00C04F79EFBC}") = "Wavecell.RuleEngine.UnitTests", "Wavecell.RuleEngine.UnitTests\Wavecell.RuleEngine.UnitTests.csproj", "{F6F4DF00-E76C-43B8-B034-07B712C20938}"
EndProject
Project("{FAE04EC0-301F-11D3-BF4B-00C04F79EFBC}") = "Wavecell.RuleEngine.Benchmarks", "Wavecell.RuleEngine.Benchmarks\Wavecell.RuleEngine.Benchmarks.csproj", "{BF92BA97-9E4E-44A2-B6ED-6084365B3171}"
EndProject
Project("{FAE04EC0-301F-11D3-BF4B-00C04F79EFBC}") = "Wavecell.RuleEngine.Api", "Wavecell.RuleEngine.Api\Wavecell.RuleEngine.Api.csproj", "{11E5AF1F-CA3D-406C-8A76-240A0C5F6D47}"
EndProject
Global
	GlobalSection(SolutionConfigurationPlatforms) = preSolution
		Debug|Any CPU = Debug|Any CPU
		Release|Any CPU = Release|Any CPU
	EndGlobalSection
	GlobalSection(SolutionProperties) = preSolution
		HideSolutionNode = FALSE
	EndGlobalSection
	GlobalSection(ProjectConfigurationPlatforms) = postSolution
		{44C59644-930A-4C0A-A570-2674F4E47AF6}.Debug|Any CPU.ActiveCfg = Debug|Any CPU
		{44C59644-930A-4C0A-A570-2674F4E47AF6}.Debug|Any CPU.Build.0 = Debug|Any CPU
		{44C59644-930A-4C0A-A570-2674F4E47AF6}.Release|Any CPU.ActiveCfg = Release|Any CPU
		{44C59644-930A-4C0A-A570-2674F4E47AF6}.Release|Any CPU.Build.0 = Release|Any CPU
		{F6F4DF00-E76C-43B8-B034-07B712C20938}.Debug|Any CPU.ActiveCfg = Debug|Any CPU
		{F6F4DF00-E76C-43B8-B034-07B712C20938}.Debug|Any CPU.Build.0 = Debug|Any CPU
		{F6F4DF00-E76C-43B8-B034-07B712C20938}.Release|Any CPU.ActiveCfg = Release|Any CPU
		{F6F4DF00-E76C-43B8-B034-07B712C20938}.Release|Any CPU.Build.0 = Release|Any CPU
		{BF92BA97-9E4E-44A2-B6ED-6084365B3171}.Debug|Any CPU.ActiveCfg = Debug|Any CPU
		{BF92BA97-9E4E-44A2-B6ED-6084365B3171}.Debug|Any CPU.Build.0 = Debug|Any CPU
		{BF92BA97-9E4E-44A2-B6ED-6084365B3171}.Release|Any CPU.ActiveCfg = Release|Any CPU
		{BF92BA97-9E4E-44A2-B6ED-6084365B3171}.Release|Any CPU.Build.0 = Release|Any CPU
		{11E5AF1F-CA3D-406C-8A76-240A0C5F6D47}.Debug|Any CPU.ActiveCfg = Debug|Any CPU
		{11E5AF1F-CA3D-406C-8A76-240A0C5F6D47}.Debug|Any CPU.Build.0 = Debug|Any CPU
		{11E5AF1F-CA3D-406C-8A76-240A0C5F6D47}.Release|Any CPU.ActiveCfg = Release|Any CPU
		{11E5AF1F-CA3D-406C-8A76-240A0C5F6D47}.Release|Any CPU.Build.0 = Release|Any CPU
	EndGlobalSection
EndGlobal
